#MicroXplorer Configuration settings - do not modify
CAN1.BS2=CAN_BS2_3TQ
CAN1.CalculateTimeBit=10000
CAN1.CalculateTimeQuantum=2000.0
CAN1.IPParameters=CalculateTimeQuantum,CalculateTimeBit,BS2
File.Version=6
KeepUserPlacement=false
Mcu.Family=STM32F1
Mcu.IP0=CAN1
Mcu.IP1=NVIC
Mcu.IP2=RCC
Mcu.IP3=SYS
Mcu.IP4=USB_DEVICE
Mcu.IP5=USB_OTG_FS
Mcu.IPNb=6
Mcu.Name=STM32F107V(B-C)Tx
Mcu.Package=LQFP100
Mcu.Pin0=PA11
Mcu.Pin1=PA12
Mcu.Pin2=PD0
Mcu.Pin3=PD1
Mcu.Pin4=VP_SYS_VS_ND
Mcu.Pin5=VP_SYS_VS_Systick
Mcu.Pin6=VP_USB_DEVICE_VS_USB_DEVICE_CDC_FS
Mcu.PinsNb=7
Mcu.ThirdPartyNb=0
Mcu.UserConstants=
Mcu.UserName=STM32F107VCTx
MxCube.Version=4.27.0
MxDb.Version=DB.4.0.270
NVIC.BusFault_IRQn=true\:0\:0\:false\:false\:true\:false
NVIC.CAN1_RX0_IRQn=true\:0\:0\:false\:false\:true\:true
NVIC.CAN1_SCE_IRQn=true\:0\:0\:false\:false\:true\:true
NVIC.CAN1_TX_IRQn=true\:0\:0\:false\:false\:true\:true
NVIC.DebugMonitor_IRQn=true\:0\:0\:false\:false\:true\:false
NVIC.HardFault_IRQn=true\:0\:0\:false\:false\:true\:false
NVIC.MemoryManagement_IRQn=true\:0\:0\:false\:false\:true\:false
NVIC.NonMaskableInt_IRQn=true\:0\:0\:false\:false\:true\:false
NVIC.OTG_FS_IRQn=true\:0\:0\:false\:false\:true\:false
NVIC.PendSV_IRQn=true\:0\:0\:false\:false\:true\:false
NVIC.PriorityGroup=NVIC_PRIORITYGROUP_4
NVIC.SVCall_IRQn=true\:0\:0\:false\:false\:true\:false
NVIC.SysTick_IRQn=true\:0\:0\:false\:false\:true\:false
NVIC.UsageFault_IRQn=true\:0\:0\:false\:false\:true\:false
PA11.Mode=Device_Only
PA11.Signal=USB_OTG_FS_DM
PA12.Mode=Device_Only
PA12.Signal=USB_OTG_FS_DP
PCC.Checker=false
PCC.Line=STM32F105/107
PCC.MCU=STM32F107V(B-C)Tx
PCC.PartNumber=STM32F107VCTx
PCC.Seq0=0
PCC.Series=STM32F1
PCC.Temperature=25
PCC.Vdd=3.3
PD0.Mode=Master
PD0.Signal=CAN1_RX
PD1.Mode=Master
PD1.Signal=CAN1_TX
PinOutPanel.RotationAngle=0
ProjectManager.AskForMigrate=true
ProjectManager.BackupPrevious=false
ProjectManager.CompilerOptimize=6
ProjectManager.ComputerToolchain=false
ProjectManager.CoupleFile=false
ProjectManager.CustomerFirmwarePackage=
ProjectManager.DefaultFWLocation=true
ProjectManager.DeletePrevious=true
ProjectManager.DeviceId=STM32F107VCTx
ProjectManager.FirmwarePackage=STM32Cube FW_F1 V1.6.1
ProjectManager.FreePins=false
ProjectManager.HalAssertFull=false
ProjectManager.HeapSize=0x200
ProjectManager.KeepUserCode=true
ProjectManager.LastFirmware=true
ProjectManager.LibraryCopy=0
ProjectManager.MainLocation=Src
ProjectManager.NoMain=false
ProjectManager.PreviousToolchain=
ProjectManager.ProjectBuild=false
ProjectManager.ProjectFileName=stm32f107vc.ioc
ProjectManager.ProjectName=stm32f107vc
ProjectManager.StackSize=0x400
ProjectManager.TargetToolchain=EWARM V8
ProjectManager.ToolChainLocation=
ProjectManager.UnderRoot=false
ProjectManager.functionlistsort=1-MX_GPIO_Init-GPIO-false-HAL-true,2-SystemClock_Config-RCC-false-HAL-false,3-MX_CAN1_Init-CAN1-false-HAL-true,4-MX_USB_DEVICE_Init-USB_DEVICE-false-HAL-true
RCC.FamilyName=M
RCC.IPParameters=FamilyName,PLLCLKFreq_Value,PLLSource,PLLSourceVirtual,TimSysFreq_Value,USBFreq_Value
RCC.PLLCLKFreq_Value=16000000
RCC.PLLSource=RCC_PLLSOURCE_HSI_DIV2
RCC.PLLSourceVirtual=RCC_PLLSOURCE_HSI_DIV2
RCC.TimSysFreq_Value=8000000
RCC.USBFreq_Value=10666666.666666666
USB_DEVICE.CLASS_NAME_FS=CDC
USB_DEVICE.IPParameters=VirtualMode,VirtualModeFS,CLASS_NAME_FS
USB_DEVICE.VirtualMode=Cdc
USB_DEVICE.VirtualModeFS=Cdc_FS
USB_OTG_FS.IPParameters=VirtualMode
USB_OTG_FS.VirtualMode=Device_Only
VP_SYS_VS_ND.Mode=No_Debug
VP_SYS_VS_ND.Signal=SYS_VS_ND
VP_SYS_VS_Systick.Mode=SysTick
VP_SYS_VS_Systick.Signal=SYS_VS_Systick
VP_USB_DEVICE_VS_USB_DEVICE_CDC_FS.Mode=CDC_FS
VP_USB_DEVICE_VS_USB_DEVICE_CDC_FS.Signal=USB_DEVICE_VS_USB_DEVICE_CDC_FS
board=custom
